
Microsoft Visual Studio Solution File, Format Version 12.00
# Visual Studio Version 16
VisualStudioVersion = 16.0.30204.135
MinimumVisualStudioVersion = 10.0.40219.1
Project("{9A19103F-16F7-4668-BE54-9A1E7A4F7556}") = "ProjectOneMVC.Web", "ProjectOneMVC.Web\ProjectOneMVC.Web.csproj", "{6128A19B-2B1F-4A67-87C6-C9751AB6F506}"
EndProject
Project("{FAE04EC0-301F-11D3-BF4B-00C04F79EFBC}") = "ProjectOneMVC.Data", "ProjectOneMVC.Data\ProjectOneMVC.Data.csproj", "{B9C2FE3D-883A-48A8-8058-6237D3B0125C}"
EndProject
Project("{FAE04EC0-301F-11D3-BF4B-00C04F79EFBC}") = "ProjectOneMVC.Core", "ProjectOneMVC.Core\ProjectOneMVC.Core.csproj", "{FECDDC6F-EB40-4CB5-ADB8-B92BBB0E3515}"
EndProject
Global
	GlobalSection(SolutionConfigurationPlatforms) = preSolution
		Debug|Any CPU = Debug|Any CPU
		Release|Any CPU = Release|Any CPU
	EndGlobalSection
	GlobalSection(ProjectConfigurationPlatforms) = postSolution
		{6128A19B-2B1F-4A67-87C6-C9751AB6F506}.Debug|Any CPU.ActiveCfg = Debug|Any CPU
		{6128A19B-2B1F-4A67-87C6-C9751AB6F506}.Debug|Any CPU.Build.0 = Debug|Any CPU
		{6128A19B-2B1F-4A67-87C6-C9751AB6F506}.Release|Any CPU.ActiveCfg = Release|Any CPU
		{6128A19B-2B1F-4A67-87C6-C9751AB6F506}.Release|Any CPU.Build.0 = Release|Any CPU
		{B9C2FE3D-883A-48A8-8058-6237D3B0125C}.Debug|Any CPU.ActiveCfg = Debug|Any CPU
		{B9C2FE3D-883A-48A8-8058-6237D3B0125C}.Debug|Any CPU.Build.0 = Debug|Any CPU
		{B9C2FE3D-883A-48A8-8058-6237D3B0125C}.Release|Any CPU.ActiveCfg = Release|Any CPU
		{B9C2FE3D-883A-48A8-8058-6237D3B0125C}.Release|Any CPU.Build.0 = Release|Any CPU
		{FECDDC6F-EB40-4CB5-ADB8-B92BBB0E3515}.Debug|Any CPU.ActiveCfg = Debug|Any CPU
		{FECDDC6F-EB40-4CB5-ADB8-B92BBB0E3515}.Debug|Any CPU.Build.0 = Debug|Any CPU
		{FECDDC6F-EB40-4CB5-ADB8-B92BBB0E3515}.Release|Any CPU.ActiveCfg = Release|Any CPU
		{FECDDC6F-EB40-4CB5-ADB8-B92BBB0E3515}.Release|Any CPU.Build.0 = Release|Any CPU
	EndGlobalSection
	GlobalSection(SolutionProperties) = preSolution
		HideSolutionNode = FALSE
	EndGlobalSection
	GlobalSection(ExtensibilityGlobals) = postSolution
		SolutionGuid = {A17E241C-8403-46A9-A4A7-8061E8292F3A}
	EndGlobalSection
EndGlobal
